
Microsoft Visual Studio Solution File, Format Version 12.00
# Visual Studio Version 17
VisualStudioVersion = 17.3.32825.248
MinimumVisualStudioVersion = 10.0.40219.1
Project("{FAE04EC0-301F-11D3-BF4B-00C04F79EFBC}") = "Pract4", "Pract4\Pract4.csproj", "{A1B24695-2BB9-4CFB-B235-159FB1D91638}"
EndProject
Global
	GlobalSection(SolutionConfigurationPlatforms) = preSolution
		Debug|Any CPU = Debug|Any CPU
		Release|Any CPU = Release|Any CPU
	EndGlobalSection
	GlobalSection(ProjectConfigurationPlatforms) = postSolution
		{A1B24695-2BB9-4CFB-B235-159FB1D91638}.Debug|Any CPU.ActiveCfg = Debug|Any CPU
		{A1B24695-2BB9-4CFB-B235-159FB1D91638}.Debug|Any CPU.Build.0 = Debug|Any CPU
		{A1B24695-2BB9-4CFB-B235-159FB1D91638}.Release|Any CPU.ActiveCfg = Release|Any CPU
		{A1B24695-2BB9-4CFB-B235-159FB1D91638}.Release|Any CPU.Build.0 = Release|Any CPU
	EndGlobalSection
	GlobalSection(SolutionProperties) = preSolution
		HideSolutionNode = FALSE
	EndGlobalSection
	GlobalSection(ExtensibilityGlobals) = postSolution
		SolutionGuid = {C0BDCAB5-0802-4AF1-A5A2-F34D18232BA2}
	EndGlobalSection
EndGlobal
